{
  "version": 1,
  "dependencies": {
    "net10.0": {
      "OPCFoundation.NetStandard.Opc.Ua.Server": {
        "type": "Direct",
        "requested": "[1.5.378.176, 1.5.378.176]",
        "resolved": "1.5.378.176",
        "contentHash": "C3RamTf4kWuCnuKMo18h8mhY3rBtScmQ7CWL2PCIQwP9p8R65c6GmiFYIsg4cgaUHrBmm6JKf07cvya1eLC2FQ==",
        "dependencies": {
          "OPCFoundation.NetStandard.Opc.Ua.Configuration": "1.5.378.176",
          "OPCFoundation.NetStandard.Opc.Ua.Core": "1.5.378.176"
        }
      },
      "Microsoft.Extensions.DependencyInjection": {
        "type": "Transitive",
        "resolved": "10.0.8",
        "contentHash": "daf62xHIrq8pnE709hgaZZN9tSam9TGGepWe1+bE6V3GEuVwJiMs6ib+38lfMCyAJAHiX0vapxBhsuMSV7U+cg==",
        "dependencies": {
          "Microsoft.Extensions.DependencyInjection.Abstractions": "10.0.8"
        }
      },
      "Microsoft.Extensions.DependencyInjection.Abstractions": {
        "type": "Transitive",
        "resolved": "10.0.8",
        "contentHash": "21nbDV60SRPWGIivsyl6lqBeEJNG1sginhhfWgRrr3Ais7aQ12To25OAHQxgoiJkjqy1aQ6RxpZBGYuTi7Ge6A=="
      },
      "Microsoft.Extensions.Logging": {
        "type": "Transitive",
        "resolved": "10.0.8",
        "contentHash": "K60JhWC2hN/Gi7TP68tBxSzk5ACWOs7lkmPzsfA8Bcf/IXTajujt2ORMf9rSMk1bsng6Lv4Y3fuxp3bm1+15ug==",
        "dependencies": {
          "Microsoft.Extensions.DependencyInjection": "10.0.8",
          "Microsoft.Extensions.Logging.Abstractions": "10.0.8",
          "Microsoft.Extensions.Options": "10.0.8"
        }
      },
      "Microsoft.Extensions.Logging.Abstractions": {
        "type": "Transitive",
        "resolved": "10.0.8",
        "contentHash": "fdVadZmsC8jRP0KvKy8mO8f6GV/HyBvElfcSxEhd+5FM5boAw/01iSaCto5G3G37ApJira4A3pNaVvBv8cUiLQ==",
        "dependencies": {
          "Microsoft.Extensions.DependencyInjection.Abstractions": "10.0.8"
        }
      },
      "Microsoft.Extensions.Options": {
        "type": "Transitive",
        "resolved": "10.0.8",
        "contentHash": "VBD+131DpTNCNDfA4kIyKTiCySvJGNhwibdWBSdFRu7GMfXLXcXODkgA+KStKbbhzraLglZWUN4nXyHgW4JIRA==",
        "dependencies": {
          "Microsoft.Extensions.DependencyInjection.Abstractions": "10.0.8",
          "Microsoft.Extensions.Primitives": "10.0.8"
        }
      },
      "Microsoft.Extensions.Primitives": {
        "type": "Transitive",
        "resolved": "10.0.8",
        "contentHash": "OBPo4nYhMyIbtueoC10CBm6AGAbo/A9IV8QQ/6ryZS7VvmqpGT7hunazeHLxFawRzn3oLOq4jhqhpBX4tfswWQ=="
      },
      "Newtonsoft.Json": {
        "type": "Transitive",
        "resolved": "13.0.4",
        "contentHash": "pdgNNMai3zv51W5aq268sujXUyx7SNdE2bj1wZcWjAQrKMFZV260lbqYop1d2GM67JI1huLRwxo9ZqnfF/lC6A=="
      },
      "OPCFoundation.NetStandard.Opc.Ua.Configuration": {
        "type": "Transitive",
        "resolved": "1.5.378.176",
        "contentHash": "96eSjJ1+TyvrP9rgZs5Eb2KGqz666irjmMCQAcM3Cg8k4zNFtkM4+om67vpHLGiGn0YtM1mKOEEpk+0ziLwosw==",
        "dependencies": {
          "OPCFoundation.NetStandard.Opc.Ua.Core": "1.5.378.176"
        }
      },
      "OPCFoundation.NetStandard.Opc.Ua.Core": {
        "type": "Transitive",
        "resolved": "1.5.378.176",
        "contentHash": "AavQSop8he3oyJPJLoCEFrXTtltRSTwy0NSS9E11lILrOd4R4Fkki/HR8evlM0yEBPWWySeWm50Afk3InvLJww==",
        "dependencies": {
          "Microsoft.Extensions.Logging": "10.0.8",
          "Newtonsoft.Json": "13.0.4",
          "OPCFoundation.NetStandard.Opc.Ua.Security.Certificates": "1.5.378.176",
          "OPCFoundation.NetStandard.Opc.Ua.Types": "1.5.378.176"
        }
      },
      "OPCFoundation.NetStandard.Opc.Ua.Security.Certificates": {
        "type": "Transitive",
        "resolved": "1.5.378.176",
        "contentHash": "8tuF/PgDzlGtjVjD4UZP9KNOtQrFsM/u/Gn/CHq6XmL5IzBC66bBKyus9/KMGr6RTzgCJnS4EXAdTrTcbfjnIw==",
        "dependencies": {
          "OPCFoundation.NetStandard.Opc.Ua.Types": "1.5.378.176"
        }
      },
      "OPCFoundation.NetStandard.Opc.Ua.Types": {
        "type": "Transitive",
        "resolved": "1.5.378.176",
        "contentHash": "kATDAUMKIQ42VJluTmI6+PSQpIukLp/L7sYrdlMddZ5a8tNcEgXumpkEvz6ozKFGc/fUcww57fYb0740aY453g==",
        "dependencies": {
          "Microsoft.Extensions.Logging.Abstractions": "10.0.8"
        }
      }
    }
  }
}